github.com/gorilla/mux v1.8.1 h1:TuBL49tXwgrFYWhqrNgrUNEY92u81SPhu7sTdzQEiWY=
github.com/gorilla/mux v1.8.1/go.mod h1:AKf9I4AEqPTmMytcMc0KkNouC66V3BtZ4qD5fmWSiMQ=
github.com/tysont/blackjack v0.0.0-20160228060147-da22b2ae8ac9 h1:tAeUOgVS3lNzLLuxZ9/Wto8pBwul3lkM+u12jxjOIIM=
github.com/tysont/blackjack v0.0.0-20160228060147-da22b2ae8ac9/go.mod h1:bVlDkYnt9ZmeHeIRyn9WbOjRw5/buiM4bs+G7Vzz6QM=
